# This file is generated by running "yarn install" inside your project.
# Manual changes might be lost - proceed with caution!

__metadata:
  version: 6
  cacheKey: 8

"@types/prop-types@npm:*":
  version: 15.7.15
  resolution: "@types/prop-types@npm:15.7.15"
  checksum: 31aa2f59b28f24da6fb4f1d70807dae2aedfce090ec63eaf9ea01727a9533ef6eaf017de5bff99fbccad7d1c9e644f52c6c2ba30869465dd22b1a7221c29f356
  languageName: node
  linkType: hard

"@types/react-native@npm:^0.70.0":
  version: 0.70.19
  resolution: "@types/react-native@npm:0.70.19"
  dependencies:
    "@types/react": "*"
  checksum: 79b504fa56340631079e7c20ea0d9412ec14147b76d0ce189f4403936f529ef1e6fd031383afab117846c5ae039123bcf3afc948bae4432269c6780282726f71
  languageName: node
  linkType: hard

"@types/react@npm:*":
  version: 19.2.7
  resolution: "@types/react@npm:19.2.7"
  dependencies:
    csstype: ^3.2.2
  checksum: b1f4c9a45862ea392b9ead060a5b5730b4c41b21fde097db35e639a8a0978460468d8da87f47226230bd4681d6de48ffee695595540084a8a849dde027c66a46
  languageName: node
  linkType: hard

"@types/react@npm:^18.0.0":
  version: 18.3.27
  resolution: "@types/react@npm:18.3.27"
  dependencies:
    "@types/prop-types": "*"
    csstype: ^3.2.2
  checksum: c74d0ab5155226998a52b568f6280536205f8fe4317f77bd5d5258bc131cc9134a2db68dc818cb8e8402a2f229843c4a5bde339faf7e64d441630e569a9e5421
  languageName: node
  linkType: hard

"csstype@npm:^3.2.2":
  version: 3.2.3
  resolution: "csstype@npm:3.2.3"
  checksum: cb882521b3398958a1ce6ca98c011aec0bde1c77ecaf8a1dd4db3b112a189939beae3b1308243b2fe50fc27eb3edeb0f73a5a4d91d928765dc6d5ecc7bda92ee
  languageName: node
  linkType: hard

"react-native-mqtt-mtls@workspace:.":
  version: 0.0.0-use.local
  resolution: "react-native-mqtt-mtls@workspace:."
  dependencies:
    "@types/react": ^18.0.0
    "@types/react-native": ^0.70.0
    typescript: ^4.9.0
  peerDependencies:
    react: ">=16.8.0"
    react-native: ">=0.60.0"
  languageName: unknown
  linkType: soft

"typescript@npm:^4.9.0":
  version: 4.9.5
  resolution: "typescript@npm:4.9.5"
  bin:
    tsc: bin/tsc
    tsserver: bin/tsserver
  checksum: ee000bc26848147ad423b581bd250075662a354d84f0e06eb76d3b892328d8d4440b7487b5a83e851b12b255f55d71835b008a66cbf8f255a11e4400159237db
  languageName: node
  linkType: hard

"typescript@patch:typescript@^4.9.0#~builtin<compat/typescript>":
  version: 4.9.5
  resolution: "typescript@patch:typescript@npm%3A4.9.5#~builtin<compat/typescript>::version=4.9.5&hash=289587"
  bin:
    tsc: bin/tsc
    tsserver: bin/tsserver
  checksum: 1f8f3b6aaea19f0f67cba79057674ba580438a7db55057eb89cc06950483c5d632115c14077f6663ea76fd09fce3c190e6414bb98582ec80aa5a4eaf345d5b68
  languageName: node
  linkType: hard
